
Microsoft Visual Studio Solution File, Format Version 12.00
# Visual Studio Version 17
VisualStudioVersion = 17.0.32014.148
MinimumVisualStudioVersion = 10.0.40219.1
Project("{FAE04EC0-301F-11D3-BF4B-00C04F79EFBC}") = "Web", "Web\Web.csproj", "{EE5D4E74-359A-44F3-AAF2-2E775014BDD2}"
EndProject
Project("{FAE04EC0-301F-11D3-BF4B-00C04F79EFBC}") = "Entities", "Entities\Entities.csproj", "{FC217C02-8CD4-4682-88A0-7C488D44F439}"
EndProject
Project("{FAE04EC0-301F-11D3-BF4B-00C04F79EFBC}") = "DataAccess", "DataAccess\DataAccess.csproj", "{34E92ED1-8EDB-4607-9CDC-6949F203F854}"
EndProject
Project("{FAE04EC0-301F-11D3-BF4B-00C04F79EFBC}") = "Helper", "Helper\Helper.csproj", "{1E93311D-26AF-4C42-9048-AD0FD23AAEAE}"
EndProject
Project("{FAE04EC0-301F-11D3-BF4B-00C04F79EFBC}") = "Services", "Services\Services.csproj", "{DCE0B724-351B-408B-8E54-10AF08564EA5}"
EndProject
Global
	GlobalSection(SolutionConfigurationPlatforms) = preSolution
		Debug|Any CPU = Debug|Any CPU
		Release|Any CPU = Release|Any CPU
	EndGlobalSection
	GlobalSection(ProjectConfigurationPlatforms) = postSolution
		{EE5D4E74-359A-44F3-AAF2-2E775014BDD2}.Debug|Any CPU.ActiveCfg = Debug|Any CPU
		{EE5D4E74-359A-44F3-AAF2-2E775014BDD2}.Debug|Any CPU.Build.0 = Debug|Any CPU
		{EE5D4E74-359A-44F3-AAF2-2E775014BDD2}.Release|Any CPU.ActiveCfg = Release|Any CPU
		{EE5D4E74-359A-44F3-AAF2-2E775014BDD2}.Release|Any CPU.Build.0 = Release|Any CPU
		{FC217C02-8CD4-4682-88A0-7C488D44F439}.Debug|Any CPU.ActiveCfg = Debug|Any CPU
		{FC217C02-8CD4-4682-88A0-7C488D44F439}.Debug|Any CPU.Build.0 = Debug|Any CPU
		{FC217C02-8CD4-4682-88A0-7C488D44F439}.Release|Any CPU.ActiveCfg = Release|Any CPU
		{FC217C02-8CD4-4682-88A0-7C488D44F439}.Release|Any CPU.Build.0 = Release|Any CPU
		{34E92ED1-8EDB-4607-9CDC-6949F203F854}.Debug|Any CPU.ActiveCfg = Debug|Any CPU
		{34E92ED1-8EDB-4607-9CDC-6949F203F854}.Debug|Any CPU.Build.0 = Debug|Any CPU
		{34E92ED1-8EDB-4607-9CDC-6949F203F854}.Release|Any CPU.ActiveCfg = Release|Any CPU
		{34E92ED1-8EDB-4607-9CDC-6949F203F854}.Release|Any CPU.Build.0 = Release|Any CPU
		{1E93311D-26AF-4C42-9048-AD0FD23AAEAE}.Debug|Any CPU.ActiveCfg = Debug|Any CPU
		{1E93311D-26AF-4C42-9048-AD0FD23AAEAE}.Debug|Any CPU.Build.0 = Debug|Any CPU
		{1E93311D-26AF-4C42-9048-AD0FD23AAEAE}.Release|Any CPU.ActiveCfg = Release|Any CPU
		{1E93311D-26AF-4C42-9048-AD0FD23AAEAE}.Release|Any CPU.Build.0 = Release|Any CPU
		{DCE0B724-351B-408B-8E54-10AF08564EA5}.Debug|Any CPU.ActiveCfg = Debug|Any CPU
		{DCE0B724-351B-408B-8E54-10AF08564EA5}.Debug|Any CPU.Build.0 = Debug|Any CPU
		{DCE0B724-351B-408B-8E54-10AF08564EA5}.Release|Any CPU.ActiveCfg = Release|Any CPU
		{DCE0B724-351B-408B-8E54-10AF08564EA5}.Release|Any CPU.Build.0 = Release|Any CPU
	EndGlobalSection
	GlobalSection(SolutionProperties) = preSolution
		HideSolutionNode = FALSE
	EndGlobalSection
	GlobalSection(ExtensibilityGlobals) = postSolution
		SolutionGuid = {3725BA40-CEFD-4D59-95B3-DC86878BA6F8}
	EndGlobalSection
EndGlobal
